// !$*UTF8*$!
{
	archiveVersion = 1;
	classes = {
	};
	objectVersion = 50;
	objects = {

/* Begin PBXBuildFile section */
		EF584DD8255B400700D8D898 /* AppDelegate.swift in Sources */ = {isa = PBXBuildFile; fileRef = EF584DD7255B400700D8D898 /* AppDelegate.swift */; };
		EF584DDA255B400700D8D898 /* SceneDelegate.swift in Sources */ = {isa = PBXBuildFile; fileRef = EF584DD9255B400700D8D898 /* SceneDelegate.swift */; };
		EF584DDD255B400700D8D898 /* Bookworm.xcdatamodeld in Sources */ = {isa = PBXBuildFile; fileRef = EF584DDB255B400700D8D898 /* Bookworm.xcdatamodeld */; };
		EF584DDF255B400700D8D898 /* ContentView.swift in Sources */ = {isa = PBXBuildFile; fileRef = EF584DDE255B400700D8D898 /* ContentView.swift */; };
		EF584DE1255B400D00D8D898 /* Assets.xcassets in Resources */ = {isa = PBXBuildFile; fileRef = EF584DE0255B400D00D8D898 /* Assets.xcassets */; };
		EF584DE4255B400D00D8D898 /* Preview Assets.xcassets in Resources */ = {isa = PBXBuildFile; fileRef = EF584DE3255B400D00D8D898 /* Preview Assets.xcassets */; };
		EF584DE7255B400D00D8D898 /* LaunchScreen.storyboard in Resources */ = {isa = PBXBuildFile; fileRef = EF584DE5255B400D00D8D898 /* LaunchScreen.storyboard */; };
		EF5E4887255DA205002276D7 /* RatingView.swift in Sources */ = {isa = PBXBuildFile; fileRef = EF5E4886255DA205002276D7 /* RatingView.swift */; };
		EF5E4889255DD16C002276D7 /* EmojiRatingView.swift in Sources */ = {isa = PBXBuildFile; fileRef = EF5E4888255DD16C002276D7 /* EmojiRatingView.swift */; };
		EF5E488B255DDEB4002276D7 /* DetailView.swift in Sources */ = {isa = PBXBuildFile; fileRef = EF5E488A255DDEB4002276D7 /* DetailView.swift */; };
		EFC2E9C7255C7FDA0087CB68 /* AddBookView.swift in Sources */ = {isa = PBXBuildFile; fileRef = EFC2E9C6255C7FDA0087CB68 /* AddBookView.swift */; };
/* End PBXBuildFile section */

/* Begin PBXFileReference section */
		EF584DD4255B400700D8D898 /* Bookworm.app */ = {isa = PBXFileReference; explicitFileType = wrapper.application; includeInIndex = 0; path = Bookworm.app; sourceTree = BUILT_PRODUCTS_DIR; };
		EF584DD7255B400700D8D898 /* AppDelegate.swift */ = {isa = PBXFileReference; lastKnownFileType = sourcecode.swift; path = AppDelegate.swift; sourceTree = "<group>"; };
		EF584DD9255B400700D8D898 /* SceneDelegate.swift */ = {isa = PBXFileReference; lastKnownFileType = sourcecode.swift; path = SceneDelegate.swift; sourceTree = "<group>"; };
		EF584DDC255B400700D8D898 /* Bookworm.xcdatamodel */ = {isa = PBXFileReference; lastKnownFileType = wrapper.xcdatamodel; path = Bookworm.xcdatamodel; sourceTree = "<group>"; };
		EF584DDE255B400700D8D898 /* ContentView.swift */ = {isa = PBXFileReference; lastKnownFileType = sourcecode.swift; path = ContentView.swift; sourceTree = "<group>"; };
		EF584DE0255B400D00D8D898 /* Assets.xcassets */ = {isa = PBXFileReference; lastKnownFileType = folder.assetcatalog; path = Assets.xcassets; sourceTree = "<group>"; };
		EF584DE3255B400D00D8D898 /* Preview Assets.xcassets */ = {isa = PBXFileReference; lastKnownFileType = folder.assetcatalog; path = "Preview Assets.xcassets"; sourceTree = "<group>"; };
		EF584DE6255B400D00D8D898 /* Base */ = {isa = PBXFileReference; lastKnownFileType = file.storyboard; name = Base; path = Base.lproj/LaunchScreen.storyboard; sourceTree = "<group>"; };
		EF584DE8255B400D00D8D898 /* Info.plist */ = {isa = PBXFileReference; lastKnownFileType = text.plist.xml; path = Info.plist; sourceTree = "<group>"; };
		EF5E4886255DA205002276D7 /* RatingView.swift */ = {isa = PBXFileReference; lastKnownFileType = sourcecode.swift; path = RatingView.swift; sourceTree = "<group>"; };
		EF5E4888255DD16C002276D7 /* EmojiRatingView.swift */ = {isa = PBXFileReference; lastKnownFileType = sourcecode.swift; path = EmojiRatingView.swift; sourceTree = "<group>"; };
		EF5E488A255DDEB4002276D7 /* DetailView.swift */ = {isa = PBXFileReference; lastKnownFileType = sourcecode.swift; path = DetailView.swift; sourceTree = "<group>"; };
		EFC2E9C6255C7FDA0087CB68 /* AddBookView.swift */ = {isa = PBXFileReference; lastKnownFileType = sourcecode.swift; path = AddBookView.swift; sourceTree = "<group>"; };
/* End PBXFileReference section */

/* Begin PBXFrameworksBuildPhase section */
		EF584DD1255B400700D8D898 /* Frameworks */ = {
			isa = PBXFrameworksBuildPhase;
			buildActionMask = 2147483647;
			files = (
			);
			runOnlyForDeploymentPostprocessing = 0;
		};
/* End PBXFrameworksBuildPhase section */

/* Begin PBXGroup section */
		EF584DCB255B400700D8D898 = {
			isa = PBXGroup;
			children = (
				EF584DD6255B400700D8D898 /* Bookworm */,
				EF584DD5255B400700D8D898 /* Products */,
			);
			sourceTree = "<group>";
		};
		EF584DD5255B400700D8D898 /* Products */ = {
			isa = PBXGroup;
			children = (
				EF584DD4255B400700D8D898 /* Bookworm.app */,
			);
			name = Products;
			sourceTree = "<group>";
		};
		EF584DD6255B400700D8D898 /* Bookworm */ = {
			isa = PBXGroup;
			children = (
				EF584DD7255B400700D8D898 /* AppDelegate.swift */,
				EF584DD9255B400700D8D898 /* SceneDelegate.swift */,
				EF584DDE255B400700D8D898 /* ContentView.swift */,
				EFC2E9C6255C7FDA0087CB68 /* AddBookView.swift */,
				EF5E4888255DD16C002276D7 /* EmojiRatingView.swift */,
				EF5E488A255DDEB4002276D7 /* DetailView.swift */,
				EF5E4886255DA205002276D7 /* RatingView.swift */,
				EF584DE0255B400D00D8D898 /* Assets.xcassets */,
				EF584DE5255B400D00D8D898 /* LaunchScreen.storyboard */,
				EF584DE8255B400D00D8D898 /* Info.plist */,
				EF584DDB255B400700D8D898 /* Bookworm.xcdatamodeld */,
				EF584DE2255B400D00D8D898 /* Preview Content */,
			);
			path = Bookworm;
			sourceTree = "<group>";
		};
		EF584DE2255B400D00D8D898 /* Preview Content */ = {
			isa = PBXGroup;
			children = (
				EF584DE3255B400D00D8D898 /* Preview Assets.xcassets */,
			);
			path = "Preview Content";
			sourceTree = "<group>";
		};
/* End PBXGroup section */

/* Begin PBXNativeTarget section */
		EF584DD3255B400700D8D898 /* Bookworm */ = {
			isa = PBXNativeTarget;
			buildConfigurationList = EF584DEB255B400D00D8D898 /* Build configuration list for PBXNativeTarget "Bookworm" */;
			buildPhases = (
				EF584DD0255B400700D8D898 /* Sources */,
				EF584DD1255B400700D8D898 /* Frameworks */,
				EF584DD2255B400700D8D898 /* Resources */,
			);
			buildRules = (
			);
			dependencies = (
			);
			name = Bookworm;
			productName = Bookworm;
			productReference = EF584DD4255B400700D8D898 /* Bookworm.app */;
			productType = "com.apple.product-type.application";
		};
/* End PBXNativeTarget section */

/* Begin PBXProject section */
		EF584DCC255B400700D8D898 /* Project object */ = {
			isa = PBXProject;
			attributes = {
				LastSwiftUpdateCheck = 1160;
				LastUpgradeCheck = 1160;
				ORGANIZATIONNAME = "Zaid Raza";
				TargetAttributes = {
					EF584DD3255B400700D8D898 = {
						CreatedOnToolsVersion = 11.6;
					};
				};
			};
			buildConfigurationList = EF584DCF255B400700D8D898 /* Build configuration list for PBXProject "Bookworm" */;
			compatibilityVersion = "Xcode 9.3";
			developmentRegion = en;
			hasScannedForEncodings = 0;
			knownRegions = (
				en,
				Base,
			);
			mainGroup = EF584DCB255B400700D8D898;
			productRefGroup = EF584DD5255B400700D8D898 /* Products */;
			projectDirPath = "";
			projectRoot = "";
			targets = (
				EF584DD3255B400700D8D898 /* Bookworm */,
			);
		};
/* End PBXProject section */

/* Begin PBXResourcesBuildPhase section */
		EF584DD2255B400700D8D898 /* Resources */ = {
			isa = PBXResourcesBuildPhase;
			buildActionMask = 2147483647;
			files = (
				EF584DE7255B400D00D8D898 /* LaunchScreen.storyboard in Resources */,
				EF584DE4255B400D00D8D898 /* Preview Assets.xcassets in Resources */,
				EF584DE1255B400D00D8D898 /* Assets.xcassets in Resources */,
			);
			runOnlyForDeploymentPostprocessing = 0;
		};
/* End PBXResourcesBuildPhase section */

/* Begin PBXSourcesBuildPhase section */
		EF584DD0255B400700D8D898 /* Sources */ = {
			isa = PBXSourcesBuildPhase;
			buildActionMask = 2147483647;
			files = (
				EF584DD8255B400700D8D898 /* AppDelegate.swift in Sources */,
				EF5E488B255DDEB4002276D7 /* DetailView.swift in Sources */,
				EF584DDD255B400700D8D898 /* Bookworm.xcdatamodeld in Sources */,
				EF5E4889255DD16C002276D7 /* EmojiRatingView.swift in Sources */,
				EF584DDF255B400700D8D898 /* ContentView.swift in Sources */,
				EF5E4887255DA205002276D7 /* RatingView.swift in Sources */,
				EF584DDA255B400700D8D898 /* SceneDelegate.swift in Sources */,
				EFC2E9C7255C7FDA0087CB68 /* AddBookView.swift in Sources */,
			);
			runOnlyForDeploymentPostprocessing = 0;
		};
/* End PBXSourcesBuildPhase section */

/* Begin PBXVariantGroup section */
		EF584DE5255B400D00D8D898 /* LaunchScreen.storyboard */ = {
			isa = PBXVariantGroup;
			children = (
				EF584DE6255B400D00D8D898 /* Base */,
			);
			name = LaunchScreen.storyboard;
			sourceTree = "<group>";
		};
/* End PBXVariantGroup section */

/* Begin XCBuildConfiguration section */
		EF584DE9255B400D00D8D898 /* Debug */ = {
			isa = XCBuildConfiguration;
			buildSettings = {
				ALWAYS_SEARCH_USER_PATHS = NO;
				CLANG_ANALYZER_NONNULL = YES;
				CLANG_ANALYZER_NUMBER_OBJECT_CONVERSION = YES_AGGRESSIVE;
				CLANG_CXX_LANGUAGE_STANDARD = "gnu++14";
				CLANG_CXX_LIBRARY = "libc++";
				CLANG_ENABLE_MODULES = YES;
				CLANG_ENABLE_OBJC_ARC = YES;
				CLANG_ENABLE_OBJC_WEAK = YES;
				CLANG_WARN_BLOCK_CAPTURE_AUTORELEASING = YES;
				CLANG_WARN_BOOL_CONVERSION = YES;
				CLANG_WARN_COMMA = YES;
				CLANG_WARN_CONSTANT_CONVERSION = YES;
				CLANG_WARN_DEPRECATED_OBJC_IMPLEMENTATIONS = YES;
				CLANG_WARN_DIRECT_OBJC_ISA_USAGE = YES_ERROR;
				CLANG_WARN_DOCUMENTATION_COMMENTS = YES;
				CLANG_WARN_EMPTY_BODY = YES;
				CLANG_WARN_ENUM_CONVERSION = YES;
				CLANG_WARN_INFINITE_RECURSION = YES;
				CLANG_WARN_INT_CONVERSION = YES;
				CLANG_WARN_NON_LITERAL_NULL_CONVERSION = YES;
				CLANG_WARN_OBJC_IMPLICIT_RETAIN_SELF = YES;
				CLANG_WARN_OBJC_LITERAL_CONVERSION = YES;
				CLANG_WARN_OBJC_ROOT_CLASS = YES_ERROR;
				CLANG_WARN_RANGE_LOOP_ANALYSIS = YES;
				CLANG_WARN_STRICT_PROTOTYPES = YES;
				CLANG_WARN_SUSPICIOUS_MOVE = YES;
				CLANG_WARN_UNGUARDED_AVAILABILITY = YES_AGGRESSIVE;
				CLANG_WARN_UNREACHABLE_CODE = YES;
				CLANG_WARN__DUPLICATE_METHOD_MATCH = YES;
				COPY_PHASE_STRIP = NO;
				DEBUG_INFORMATION_FORMAT = dwarf;
				ENABLE_STRICT_OBJC_MSGSEND = YES;
				ENABLE_TESTABILITY = YES;
				GCC_C_LANGUAGE_STANDARD = gnu11;
				GCC_DYNAMIC_NO_PIC = NO;
				GCC_NO_COMMON_BLOCKS = YES;
				GCC_OPTIMIZATION_LEVEL = 0;
				GCC_PREPROCESSOR_DEFINITIONS = (
					"DEBUG=1",
					"$(inherited)",
				);
				GCC_WARN_64_TO_32_BIT_CONVERSION = YES;
				GCC_WARN_ABOUT_RETURN_TYPE = YES_ERROR;
				GCC_WARN_UNDECLARED_SELECTOR = YES;
				GCC_WARN_UNINITIALIZED_AUTOS = YES_AGGRESSIVE;
				GCC_WARN_UNUSED_FUNCTION = YES;
				GCC_WARN_UNUSED_VARIABLE = YES;
				IPHONEOS_DEPLOYMENT_TARGET = 13.6;
				MTL_ENABLE_DEBUG_INFO = INCLUDE_SOURCE;
				MTL_FAST_MATH = YES;
				ONLY_ACTIVE_ARCH = YES;
				SDKROOT = iphoneos;
				SWIFT_ACTIVE_COMPILATION_CONDITIONS = DEBUG;
				SWIFT_OPTIMIZATION_LEVEL = "-Onone";
			};
			name = Debug;
		};
		EF584DEA255B400D00D8D898 /* Release */ = {
			isa = XCBuildConfiguration;
			buildSettings = {
				ALWAYS_SEARCH_USER_PATHS = NO;
				CLANG_ANALYZER_NONNULL = YES;
				CLANG_ANALYZER_NUMBER_OBJECT_CONVERSION = YES_AGGRESSIVE;
				CLANG_CXX_LANGUAGE_STANDARD = "gnu++14";
				CLANG_CXX_LIBRARY = "libc++";
				CLANG_ENABLE_MODULES = YES;
				CLANG_ENABLE_OBJC_ARC = YES;
				CLANG_ENABLE_OBJC_WEAK = YES;
				CLANG_WARN_BLOCK_CAPTURE_AUTORELEASING = YES;
				CLANG_WARN_BOOL_CONVERSION = YES;
				CLANG_WARN_COMMA = YES;
				CLANG_WARN_CONSTANT_CONVERSION = YES;
				CLANG_WARN_DEPRECATED_OBJC_IMPLEMENTATIONS = YES;
				CLANG_WARN_DIRECT_OBJC_ISA_USAGE = YES_ERROR;
				CLANG_WARN_DOCUMENTATION_COMMENTS = YES;
				CLANG_WARN_EMPTY_BODY = YES;
				CLANG_WARN_ENUM_CONVERSION = YES;
				CLANG_WARN_INFINITE_RECURSION = YES;
				CLANG_WARN_INT_CONVERSION = YES;
				CLANG_WARN_NON_LITERAL_NULL_CONVERSION = YES;
				CLANG_WARN_OBJC_IMPLICIT_RETAIN_SELF = YES;
				CLANG_WARN_OBJC_LITERAL_CONVERSION = YES;
				CLANG_WARN_OBJC_ROOT_CLASS = YES_ERROR;
				CLANG_WARN_RANGE_LOOP_ANALYSIS = YES;
				CLANG_WARN_STRICT_PROTOTYPES = YES;
				CLANG_WARN_SUSPICIOUS_MOVE = YES;
				CLANG_WARN_UNGUARDED_AVAILABILITY = YES_AGGRESSIVE;
				CLANG_WARN_UNREACHABLE_CODE = YES;
				CLANG_WARN__DUPLICATE_METHOD_MATCH = YES;
				COPY_PHASE_STRIP = NO;
				DEBUG_INFORMATION_FORMAT = "dwarf-with-dsym";
				ENABLE_NS_ASSERTIONS = NO;
				ENABLE_STRICT_OBJC_MSGSEND = YES;
				GCC_C_LANGUAGE_STANDARD = gnu11;
				GCC_NO_COMMON_BLOCKS = YES;
				GCC_WARN_64_TO_32_BIT_CONVERSION = YES;
				GCC_WARN_ABOUT_RETURN_TYPE = YES_ERROR;
				GCC_WARN_UNDECLARED_SELECTOR = YES;
				GCC_WARN_UNINITIALIZED_AUTOS = YES_AGGRESSIVE;
				GCC_WARN_UNUSED_FUNCTION = YES;
				GCC_WARN_UNUSED_VARIABLE = YES;
				IPHONEOS_DEPLOYMENT_TARGET = 13.6;
				MTL_ENABLE_DEBUG_INFO = NO;
				MTL_FAST_MATH = YES;
				SDKROOT = iphoneos;
				SWIFT_COMPILATION_MODE = wholemodule;
				SWIFT_OPTIMIZATION_LEVEL = "-O";
				VALIDATE_PRODUCT = YES;
			};
			name = Release;
		};
		EF584DEC255B400D00D8D898 /* Debug */ = {
			isa = XCBuildConfiguration;
			buildSettings = {
				ASSETCATALOG_COMPILER_APPICON_NAME = AppIcon;
				CODE_SIGN_STYLE = Automatic;
				DEVELOPMENT_ASSET_PATHS = "\"Bookworm/Preview Content\"";
				DEVELOPMENT_TEAM = D44QF9Q68Q;
				ENABLE_PREVIEWS = YES;
				INFOPLIST_FILE = Bookworm/Info.plist;
				LD_RUNPATH_SEARCH_PATHS = (
					"$(inherited)",
					"@executable_path/Frameworks",
				);
				PRODUCT_BUNDLE_IDENTIFIER = com.zaid.Bookworm;
				PRODUCT_NAME = "$(TARGET_NAME)";
				SWIFT_VERSION = 5.0;
				TARGETED_DEVICE_FAMILY = "1,2";
			};
			name = Debug;
		};
		EF584DED255B400D00D8D898 /* Release */ = {
			isa = XCBuildConfiguration;
			buildSettings = {
				ASSETCATALOG_COMPILER_APPICON_NAME = AppIcon;
				CODE_SIGN_STYLE = Automatic;
				DEVELOPMENT_ASSET_PATHS = "\"Bookworm/Preview Content\"";
				DEVELOPMENT_TEAM = D44QF9Q68Q;
				ENABLE_PREVIEWS = YES;
				INFOPLIST_FILE = Bookworm/Info.plist;
				LD_RUNPATH_SEARCH_PATHS = (
					"$(inherited)",
					"@executable_path/Frameworks",
				);
				PRODUCT_BUNDLE_IDENTIFIER = com.zaid.Bookworm;
				PRODUCT_NAME = "$(TARGET_NAME)";
				SWIFT_VERSION = 5.0;
				TARGETED_DEVICE_FAMILY = "1,2";
			};
			name = Release;
		};
/* End XCBuildConfiguration section */

/* Begin XCConfigurationList section */
		EF584DCF255B400700D8D898 /* Build configuration list for PBXProject "Bookworm" */ = {
			isa = XCConfigurationList;
			buildConfigurations = (
				EF584DE9255B400D00D8D898 /* Debug */,
				EF584DEA255B400D00D8D898 /* Release */,
			);
			defaultConfigurationIsVisible = 0;
			defaultConfigurationName = Release;
		};
		EF584DEB255B400D00D8D898 /* Build configuration list for PBXNativeTarget "Bookworm" */ = {
			isa = XCConfigurationList;
			buildConfigurations = (
				EF584DEC255B400D00D8D898 /* Debug */,
				EF584DED255B400D00D8D898 /* Release */,
			);
			defaultConfigurationIsVisible = 0;
			defaultConfigurationName = Release;
		};
/* End XCConfigurationList section */

/* Begin XCVersionGroup section */
		EF584DDB255B400700D8D898 /* Bookworm.xcdatamodeld */ = {
			isa = XCVersionGroup;
			children = (
				EF584DDC255B400700D8D898 /* Bookworm.xcdatamodel */,
			);
			currentVersion = EF584DDC255B400700D8D898 /* Bookworm.xcdatamodel */;
			path = Bookworm.xcdatamodeld;
			sourceTree = "<group>";
			versionGroupType = wrapper.xcdatamodel;
		};
/* End XCVersionGroup section */
	};
	rootObject = EF584DCC255B400700D8D898 /* Project object */;
}
